version: 7
platforms:
- name: linux-64
- name: osx-arm64
environments:
  default:
    channels:
    - url: https://conda.anaconda.org/conda-forge/
    indexes:
    - https://pypi.org/simple
    packages:
      linux-64:
      - conda: https://conda.anaconda.org/conda-forge/linux-64/_openmp_mutex-4.5-20_gnu.conda
      - conda: https://conda.anaconda.org/conda-forge/linux-64/bzip2-1.0.8-hda65f42_9.conda
      - conda: https://conda.anaconda.org/conda-forge/linux-64/ld_impl_linux-64-2.45.1-default_hbd61a6d_102.conda
      - conda: https://conda.anaconda.org/conda-forge/linux-64/libblas-3.11.0-11_h4a7cf45_openblas.conda
      - conda: https://conda.anaconda.org/conda-forge/linux-64/libcblas-3.11.0-11_h0358290_openblas.conda
      - conda: https://conda.anaconda.org/conda-forge/linux-64/libexpat-2.8.1-hecca717_0.conda
      - conda: https://conda.anaconda.org/conda-forge/linux-64/libffi-3.5.2-h3435931_0.conda
      - conda: https://conda.anaconda.org/conda-forge/linux-64/libgcc-15.2.0-he0feb66_19.conda
      - conda: https://conda.anaconda.org/conda-forge/linux-64/libgcc-ng-15.2.0-h69a702a_19.conda
      - conda: https://conda.anaconda.org/conda-forge/linux-64/libgfortran-15.2.0-h69a702a_20.conda
      - conda: https://conda.anaconda.org/conda-forge/linux-64/libgfortran5-15.2.0-h68bc16d_20.conda
      - conda: https://conda.anaconda.org/conda-forge/linux-64/libgomp-15.2.0-he0feb66_19.conda
      - conda: https://conda.anaconda.org/conda-forge/linux-64/liblapack-3.11.0-11_h47877c9_openblas.conda
      - conda: https://conda.anaconda.org/conda-forge/linux-64/liblzma-5.8.3-hb03c661_0.conda
      - conda: https://conda.anaconda.org/conda-forge/linux-64/libnsl-2.0.1-hb9d3cd8_1.conda
      - conda: https://conda.anaconda.org/conda-forge/linux-64/libopenblas-0.3.34-pthreads_h94d23a6_0.conda
      - conda: https://conda.anaconda.org/conda-forge/linux-64/libsqlite-3.53.2-h0c1763c_0.conda
      - conda: https://conda.anaconda.org/conda-forge/linux-64/libstdcxx-15.2.0-h934c35e_19.conda
      - conda: https://conda.anaconda.org/conda-forge/linux-64/libuuid-2.42.1-h5347b49_0.conda
      - conda: https://conda.anaconda.org/conda-forge/linux-64/libxcrypt-4.4.36-hd590300_1.conda
      - conda: https://conda.anaconda.org/conda-forge/linux-64/libzlib-1.3.2-h25fd6f3_2.conda
      - conda: https://conda.anaconda.org/conda-forge/linux-64/ncurses-6.6-hdb14827_0.conda
      - conda: https://conda.anaconda.org/conda-forge/linux-64/numpy-2.5.3-py312he827f4e_0.conda
      - conda: https://conda.anaconda.org/conda-forge/linux-64/openssl-3.6.2-h35e630c_0.conda
      - conda: https://conda.anaconda.org/conda-forge/linux-64/pandas-3.0.6-np2py312h91ec553_0.conda
      - conda: https://conda.anaconda.org/conda-forge/linux-64/python-3.12.13-hd63d673_0_cpython.conda
      - conda: https://conda.anaconda.org/conda-forge/linux-64/readline-8.3-h853b02a_0.conda
      - conda: https://conda.anaconda.org/conda-forge/linux-64/ruff-0.16.9-hbcb56a7_0.conda
      - conda: https://conda.anaconda.org/conda-forge/linux-64/tk-8.6.13-noxft_h366c992_103.conda
      - conda: https://conda.anaconda.org/conda-forge/linux-64/zstd-1.5.7-hb78ec9c_6.conda
      - conda: https://conda.anaconda.org/conda-forge/noarch/ca-certificates-2026.5.20-hbd8a1cb_0.conda
      - conda: https://conda.anaconda.org/conda-forge/noarch/colorama-0.4.6-pyhd8ed1ab_1.conda
      - conda: https://conda.anaconda.org/conda-forge/noarch/exceptiongroup-1.3.1-pyhd8ed1ab_0.conda
      - conda: https://conda.anaconda.org/conda-forge/noarch/iniconfig-2.3.0-pyhd8ed1ab_0.conda
      - conda: https://conda.anaconda.org/conda-forge/noarch/packaging-26.2-pyhc364b38_0.conda
      - conda: https://conda.anaconda.org/conda-forge/noarch/pluggy-1.6.0-pyhf9edf01_1.conda
      - conda: https://conda.anaconda.org/conda-forge/noarch/pygments-2.20.0-pyhd8ed1ab_0.conda
      - conda: https://conda.anaconda.org/conda-forge/noarch/pytest-9.0.3-pyhc364b38_1.conda
      - conda: https://conda.anaconda.org/conda-forge/noarch/python-dateutil-2.9.0.post0-pyhe01879c_2.conda
      - conda: https://conda.anaconda.org/conda-forge/noarch/python_abi-3.12-8_cp312.conda
      - conda: https://conda.anaconda.org/conda-forge/noarch/six-1.17.0-pyhe01879c_1.conda
      - conda: https://conda.anaconda.org/conda-forge/noarch/tomli-2.4.1-pyhcf101f3_0.conda
      - conda: https://conda.anaconda.org/conda-forge/noarch/typing_extensions-4.15.0-pyhcf101f3_0.conda
      - conda: https://conda.anaconda.org/conda-forge/noarch/tzdata-2025c-hc9c84f9_1.conda
      - pypi: .
      osx-arm64:
      - conda: https://conda.anaconda.org/conda-forge/noarch/ca-certificates-2026.5.20-hbd8a1cb_0.conda
      - conda: https://conda.anaconda.org/conda-forge/noarch/colorama-0.4.6-pyhd8ed1ab_1.conda
      - conda: https://conda.anaconda.org/conda-forge/noarch/exceptiongroup-1.3.1-pyhd8ed1ab_0.conda
      - conda: https://conda.anaconda.org/conda-forge/noarch/iniconfig-2.3.0-pyhd8ed1ab_0.conda
      - conda: https://conda.anaconda.org/conda-forge/noarch/packaging-26.2-pyhc364b38_0.conda
      - conda: https://conda.anaconda.org/conda-forge/noarch/pluggy-1.6.0-pyhf9edf01_1.conda
      - conda: https://conda.anaconda.org/conda-forge/noarch/pygments-2.20.0-pyhd8ed1ab_0.conda
      - conda: https://conda.anaconda.org/conda-forge/noarch/pytest-9.0.3-pyhc364b38_1.conda
      - conda: https://conda.anaconda.org/conda-forge/noarch/python-dateutil-2.9.0.post0-pyhe01879c_2.conda
      - conda: https://conda.anaconda.org/conda-forge/noarch/python_abi-3.12-8_cp312.conda
      - conda: https://conda.anaconda.org/conda-forge/noarch/six-1.17.0-pyhe01879c_1.conda
      - conda: https://conda.anaconda.org/conda-forge/noarch/tomli-2.4.1-pyhcf101f3_0.conda
      - conda: https://conda.anaconda.org/conda-forge/noarch/typing_extensions-4.15.0-pyhcf101f3_0.conda
      - conda: https://conda.anaconda.org/conda-forge/noarch/tzdata-2025c-hc9c84f9_1.conda
      - conda: https://conda.anaconda.org/conda-forge/osx-arm64/_openmp_mutex-4.5-8_kmp_llvm.conda
      - conda: https://conda.anaconda.org/conda-forge/osx-arm64/bzip2-1.0.8-hd037594_9.conda
      - conda: https://conda.anaconda.org/conda-forge/osx-arm64/icu-78.3-hef89b57_0.conda
      - conda: https://conda.anaconda.org/conda-forge/osx-arm64/libblas-3.11.0-11_h51639a9_openblas.conda
      - conda: https://conda.anaconda.org/conda-forge/osx-arm64/libcblas-3.11.0-11_hb0561ab_openblas.conda
      - conda: https://conda.anaconda.org/conda-forge/osx-arm64/libcxx-22.1.7-h55c6f16_0.conda
      - conda: https://conda.anaconda.org/conda-forge/osx-arm64/libexpat-2.8.1-hf6b4638_0.conda
      - conda: https://conda.anaconda.org/conda-forge/osx-arm64/libffi-3.5.2-hcf2aa1b_0.conda
      - conda: https://conda.anaconda.org/conda-forge/osx-arm64/libgcc-16.2.0-h3cf6597_7.conda
      - conda: https://conda.anaconda.org/conda-forge/osx-arm64/libgfortran-16.2.0-h07b0088_7.conda
      - conda: https://conda.anaconda.org/conda-forge/osx-arm64/libgfortran5-16.2.0-hdb7a957_7.conda
      - conda: https://conda.anaconda.org/conda-forge/osx-arm64/liblapack-3.11.0-11_hd9741b5_openblas.conda
      - conda: https://conda.anaconda.org/conda-forge/osx-arm64/liblzma-5.8.3-h8088a28_0.conda
      - conda: https://conda.anaconda.org/conda-forge/osx-arm64/libopenblas-0.3.34-openmp_h5e6e99c_1.conda
      - conda: https://conda.anaconda.org/conda-forge/osx-arm64/libsqlite-3.53.2-h1ae2325_0.conda
      - conda: https://conda.anaconda.org/conda-forge/osx-arm64/libzlib-1.3.2-h8088a28_2.conda
      - conda: https://conda.anaconda.org/conda-forge/osx-arm64/llvm-openmp-23.1.2-hdb3d66b_0.conda
      - conda: https://conda.anaconda.org/conda-forge/osx-arm64/ncurses-6.6-h1d4f5a5_0.conda
      - conda: https://conda.anaconda.org/conda-forge/osx-arm64/numpy-2.5.3-py312hff34920_0.conda
      - conda: https://conda.anaconda.org/conda-forge/osx-arm64/openssl-3.6.2-hd24854e_0.conda
      - conda: https://conda.anaconda.org/conda-forge/osx-arm64/pandas-3.0.6-np2py312hd9090a6_0.conda
      - conda: https://conda.anaconda.org/conda-forge/osx-arm64/python-3.12.13-h8561d8f_0_cpython.conda
      - conda: https://conda.anaconda.org/conda-forge/osx-arm64/readline-8.3-h46df422_0.conda
      - conda: https://conda.anaconda.org/conda-forge/osx-arm64/ruff-0.16.9-ha7a9cbd_0.conda
      - conda: https://conda.anaconda.org/conda-forge/osx-arm64/tk-8.6.13-h010d191_3.conda
      - pypi: .
packages:
- conda: https://conda.anaconda.org/conda-forge/linux-64/_openmp_mutex-4.5-20_gnu.conda
  build_number: 20
  sha256: 1dd3fffd892081df9726d7eb7e0dea6198962ba775bd88842135a4ddb4deb3c9
  md5: a9f577daf3de00bca7c3c76c0ecbd1de
  depends:
  - __glibc >=2.17,<3.0.a0
  - libgomp >=7.5.0
  constrains:
  - openmp_impl <0.0a0
  license: BSD-3-Clause
  license_family: BSD
  purls: []
  size: 28948
  timestamp: 1770939786096
- conda: https://conda.anaconda.org/conda-forge/linux-64/bzip2-1.0.8-hda65f42_9.conda
  sha256: 0b75d45f0bba3e95dc693336fa51f40ea28c980131fec438afb7ce6118ed05f6
  md5: d2ffd7602c02f2b316fd921d39876885
  depends:
  - __glibc >=2.17,<3.0.a0
  - libgcc >=14
  license: bzip2-1.0.6
  license_family: BSD
  purls: []
  size: 260182
  timestamp: 1771350215188
- conda: https://conda.anaconda.org/conda-forge/linux-64/ld_impl_linux-64-2.45.1-default_hbd61a6d_102.conda
  sha256: 3d584956604909ff5df353767f3a2a2f60e07d070b328d109f30ac40cd62df6c
  md5: 18335a698559cdbcd86150a48bf54ba6
  depends:
  - __glibc >=2.17,<3.0.a0
  - zstd >=1.5.7,<1.6.0a0
  constrains:
  - binutils_impl_linux-64 2.45.1
  license: GPL-3.0-only
  license_family: GPL
  purls: []
  size: 728002
  timestamp: 1774197446916
- conda: https://conda.anaconda.org/conda-forge/linux-64/libblas-3.11.0-11_h4a7cf45_openblas.conda
  build_number: 11
  sha256: d942e0c820d60a613a6f786d074f0820fb6343e3f1ccfb110b1d98b44fb75968
  md5: b8cce1486f3c62f33291d6318c193d0d
  depends:
  - libopenblas >=0.3.34,<0.3.35.0a0
  - libopenblas >=0.3.34,<1.0a0
  constrains:
  - blas 2.311   openblas
  - libcblas   3.11.0   11*_openblas
  - liblapack  3.11.0   11*_openblas
  - liblapacke 3.11.0   11*_openblas
  - mkl <2027
  license: BSD-3-Clause
  license_family: BSD
  purls: []
  run_exports:
    weak:
    - libblas >=3.11.0,<4.0a0
  size: 18246
  timestamp: 1789061062982
- conda: https://conda.anaconda.org/conda-forge/linux-64/libcblas-3.11.0-11_h0358290_openblas.conda
  build_number: 11
  sha256: f7d1bbdea61cf94ba219d17b2cb571a29830f8025385af799bff5a7ad1ef45e6
  md5: 73a248c30811075059b5aeda766c2624
  depends:
  - libblas 3.11.0 11_h4a7cf45_openblas
  constrains:
  - blas 2.311   openblas
  - liblapack  3.11.0   11*_openblas
  - liblapacke 3.11.0   11*_openblas
  license: BSD-3-Clause
  license_family: BSD
  purls: []
  run_exports:
    weak:
    - libcblas >=3.11.0,<4.0a0
  size: 18196
  timestamp: 1789061068819
- conda: https://conda.anaconda.org/conda-forge/linux-64/libexpat-2.8.1-hecca717_0.conda
  sha256: 363018b25fdb5534c79783d912bd4b685a3547f4fc5996357ad548899b0ee8e7
  md5: 93764a5ca80616e9c10106cdaec92f74
  depends:
  - __glibc >=2.17,<3.0.a0
  - libgcc >=14
  constrains:
  - expat 2.8.1.*
  license: MIT
  license_family: MIT
  purls: []
  size: 77294
  timestamp: 1779278686680
- conda: https://conda.anaconda.org/conda-forge/linux-64/libffi-3.5.2-h3435931_0.conda
  sha256: 31f19b6a88ce40ebc0d5a992c131f57d919f73c0b92cd1617a5bec83f6e961e6
  md5: a360c33a5abe61c07959e449fa1453eb
  depends:
  - __glibc >=2.17,<3.0.a0
  - libgcc >=14
  license: MIT
  license_family: MIT
  purls: []
  size: 58592
  timestamp: 1769456073053
- conda: https://conda.anaconda.org/conda-forge/linux-64/libgcc-15.2.0-he0feb66_19.conda
  sha256: 8e0a3b5e41272e5678499b5dfc4cddb673f9e935de01eb0767ce857001229f46
  md5: 57736f29cc2b0ec0b6c2952d3f101b6a
  depends:
  - __glibc >=2.17,<3.0.a0
  - _openmp_mutex >=4.5
  constrains:
  - libgcc-ng ==15.2.0=*_19
  - libgomp 15.2.0 he0feb66_19
  license: GPL-3.0-only WITH GCC-exception-3.1
  license_family: GPL
  purls: []
  size: 1041084
  timestamp: 1778269013026
- conda: https://conda.anaconda.org/conda-forge/linux-64/libgcc-ng-15.2.0-h69a702a_19.conda
  sha256: 9dcf54adfaa5e861123c2da4f2f0451a685464ea7e5a41ad91cf67b31d658d98
  md5: 331ee9b72b9dff570d56b1302c5ab37d
  depends:
  - libgcc 15.2.0 he0feb66_19
  license: GPL-3.0-only WITH GCC-exception-3.1
  license_family: GPL
  purls: []
  size: 27694
  timestamp: 1778269016987
- conda: https://conda.anaconda.org/conda-forge/linux-64/libgfortran-15.2.0-h69a702a_20.conda
  sha256: 76d81032e264b74f519cc26962d5eb39547e0785fc9d2957bbc12e7a91214412
  md5: a450a08a63f940e9aa7b37692e71196a
  depends:
  - libgfortran5 15.2.0 h68bc16d_20
  constrains:
  - libgfortran-ng ==15.2.0=*_20
  license: GPL-3.0-only WITH GCC-exception-3.1
  license_family: GPL
  purls: []
  run_exports: {}
  size: 28103
  timestamp: 1784923831860
- conda: https://conda.anaconda.org/conda-forge/linux-64/libgfortran5-15.2.0-h68bc16d_20.conda
  sha256: 95122f42566dc9a62b9615d2372b3f3c75fa7bd8bb1eda53aa7532ce60d545eb
  md5: 4edbcbea1a8790a7d58e648523b69546
  depends:
  - __glibc >=2.17,<3.0.a0
  - libgcc >=15.2.0
  constrains:
  - libgfortran 15.2.0
  license: GPL-3.0-only WITH GCC-exception-3.1
  license_family: GPL
  purls: []
  run_exports: {}
  size: 2483727
  timestamp: 1784923810904
- conda: https://conda.anaconda.org/conda-forge/linux-64/libgomp-15.2.0-he0feb66_19.conda
  sha256: 5abe4ab9d93f6c9757d654f1969ae2267d4505315c1f2f8fe705fd60af084f1b
  md5: faac990cb7aedc7f3a2224f2c9b0c26c
  depends:
  - __glibc >=2.17,<3.0.a0
  license: GPL-3.0-only WITH GCC-exception-3.1
  license_family: GPL
  purls: []
  size: 603817
  timestamp: 1778268942614
- conda: https://conda.anaconda.org/conda-forge/linux-64/liblapack-3.11.0-11_h47877c9_openblas.conda
  build_number: 11
  sha256: 1ad3f43c9319ef398a8ef45989f4903a06e3965b51e77fc669a4c894168a8411
  md5: 5622a13917855ce4b953b9e655cf9262
  depends:
  - libblas 3.11.0 11_h4a7cf45_openblas
  constrains:
  - blas 2.311   openblas
  - libcblas   3.11.0   11*_openblas
  - liblapacke 3.11.0   11*_openblas
  license: BSD-3-Clause
  license_family: BSD
  purls: []
  run_exports:
    weak:
    - liblapack >=3.11.0,<3.12.0a0
  size: 18227
  timestamp: 1789061073957
- conda: https://conda.anaconda.org/conda-forge/linux-64/liblzma-5.8.3-hb03c661_0.conda
  sha256: ec30e52a3c1bf7d0425380a189d209a52baa03f22fb66dd3eb587acaa765bd6d
  md5: b88d90cad08e6bc8ad540cb310a761fb
  depends:
  - __glibc >=2.17,<3.0.a0
  - libgcc >=14
  constrains:
  - xz 5.8.3.*
  license: 0BSD
  purls: []
  size: 113478
  timestamp: 1775825492909
- conda: https://conda.anaconda.org/conda-forge/linux-64/libnsl-2.0.1-hb9d3cd8_1.conda
  sha256: 927fe72b054277cde6cb82597d0fcf6baf127dcbce2e0a9d8925a68f1265eef5
  md5: d864d34357c3b65a4b731f78c0801dc4
  depends:
  - __glibc >=2.17,<3.0.a0
  - libgcc >=13
  license: LGPL-2.1-only
  license_family: GPL
  purls: []
  size: 33731
  timestamp: 1750274110928
- conda: https://conda.anaconda.org/conda-forge/linux-64/libopenblas-0.3.34-pthreads_h94d23a6_0.conda
  sha256: 23392fc4f4e5ba230fcd1ef825878ba5ca7ee4f6259fac0cbb13299134b7bf7a
  md5: c282d68f272927612462b5d626838ef1
  depends:
  - __glibc >=2.17,<3.0.a0
  - libgcc >=14
  - libgfortran
  - libgfortran5 >=14.3.0
  constrains:
  - openblas >=0.3.34,<0.3.35.0a0
  license: BSD-3-Clause
  license_family: BSD
  purls: []
  run_exports:
    weak:
    - libopenblas >=0.3.34,<1.0a0
  size: 5952629
  timestamp: 1784287497473
- conda: https://conda.anaconda.org/conda-forge/linux-64/libsqlite-3.53.2-h0c1763c_0.conda
  sha256: 1ab603b6ec93933e76027e1f23b21b22b858ba1b56f1e1695ef6fe5e80cb7358
  md5: 062b0ac602fb0adf250e3dfa86f221c4
  depends:
  - __glibc >=2.17,<3.0.a0
  - libgcc >=14
  - libzlib >=1.3.2,<2.0a0
  license: blessing
  purls: []
  size: 957849
  timestamp: 1780574429573
- conda: https://conda.anaconda.org/conda-forge/linux-64/libstdcxx-15.2.0-h934c35e_19.conda
  sha256: dff1058c76ec6b8759e41cefa2508162d00e4a5e6721aa68ec3fd10094e702dc
  md5: 5794b3bdc38177caf969dabd3af08549
  depends:
  - __glibc >=2.17,<3.0.a0
  - libgcc 15.2.0 he0feb66_19
  constrains:
  - libstdcxx-ng ==15.2.0=*_19
  license: GPL-3.0-only WITH GCC-exception-3.1
  license_family: GPL
  purls: []
  size: 5852044
  timestamp: 1778269036376
- conda: https://conda.anaconda.org/conda-forge/linux-64/libuuid-2.42.1-h5347b49_0.conda
  sha256: 3f0edf1280e2f6684a986f821eaa3e123d2694a00b31b96ca0d4a4c12c129231
  md5: 7d0a66598195ef00b6efc55aefc7453b
  depends:
  - __glibc >=2.17,<3.0.a0
  - libgcc >=14
  license: BSD-3-Clause
  license_family: BSD
  purls: []
  size: 40163
  timestamp: 1779118517630
- conda: https://conda.anaconda.org/conda-forge/linux-64/libxcrypt-4.4.36-hd590300_1.conda
  sha256: 6ae68e0b86423ef188196fff6207ed0c8195dd84273cb5623b85aa08033a410c
  md5: 5aa797f8787fe7a17d1b0821485b5adc
  depends:
  - libgcc-ng >=12
  license: LGPL-2.1-or-later
  purls: []
  size: 100393
  timestamp: 1702724383534
- conda: https://conda.anaconda.org/conda-forge/linux-64/libzlib-1.3.2-h25fd6f3_2.conda
  sha256: 55044c403570f0dc26e6364de4dc5368e5f3fc7ff103e867c487e2b5ab2bcda9
  md5: d87ff7921124eccd67248aa483c23fec
  depends:
  - __glibc >=2.17,<3.0.a0
  constrains:
  - zlib 1.3.2 *_2
  license: Zlib
  license_family: Other
  purls: []
  size: 63629
  timestamp: 1774072609062
- conda: https://conda.anaconda.org/conda-forge/linux-64/ncurses-6.6-hdb14827_0.conda
  sha256: fc89f74bbe362fb29fa3c037697a89bec140b346a2469a90f7936d1d7ea4d8a3
  md5: fc21868a1a5aacc937e7a18747acb8a5
  depends:
  - __glibc >=2.17,<3.0.a0
  - libgcc >=14
  license: X11 AND BSD-3-Clause
  purls: []
  size: 918956
  timestamp: 1777422145199
- conda: https://conda.anaconda.org/conda-forge/linux-64/numpy-2.5.3-py312he827f4e_0.conda
  sha256: 5b0e4c7757a2df883c5615a8f64bc4c113c4cd303ae6caa3ada5d397d114ce2a
  md5: 5abf073f2cf066f2f3d28229b3cbe94d
  depends:
  - python
  - libstdcxx >=15
  - libgcc >=15
  - __glibc >=2.17,<3.0.a0
  - python_abi 3.12.* *_cp312
  - libblas >=3.9.0,<4.0a0
  - libcblas >=3.9.0,<4.0a0
  - liblapack >=3.9.0,<4.0a0
  constrains:
  - numpy-base <0a0
  license: BSD-3-Clause
  license_family: BSD
  purls:
  - pkg:pypi/numpy?source=compressed-mapping
  run_exports:
    weak:
    - numpy >=1.25,<3
  size: 9230861
  timestamp: 1788731992112
- conda: https://conda.anaconda.org/conda-forge/linux-64/openssl-3.6.2-h35e630c_0.conda
  sha256: c0ef482280e38c71a08ad6d71448194b719630345b0c9c60744a2010e8a8e0cb
  md5: da1b85b6a87e141f5140bb9924cecab0
  depends:
  - __glibc >=2.17,<3.0.a0
  - ca-certificates
  - libgcc >=14
  license: Apache-2.0
  license_family: Apache
  purls: []
  size: 3167099
  timestamp: 1775587756857
- conda: https://conda.anaconda.org/conda-forge/linux-64/pandas-3.0.6-np2py312h91ec553_0.conda
  sha256: a4c045408aea6536148307158fb873d8d8f5f1295931ea12494997eae778b096
  md5: 2143c2cef115b49a934d526f7da91696
  depends:
  - python
  - numpy >=1.26.0
  - python-dateutil >=2.8.2
  - libgcc >=15
  - __glibc >=2.17,<3.0.a0
  - libstdcxx >=15
  - numpy >=1.25,<3
  - python_abi 3.12.* *_cp312
  constrains:
  - adbc-driver-postgresql >=1.2.0
  - adbc-driver-sqlite >=1.2.0
  - beautifulsoup4 >=4.12.3
  - blosc >=1.21.3
  - bottleneck >=1.4.2
  - fastparquet >=2024.11.0
  - fsspec >=2024.10.0
  - gcsfs >=2024.10.0
  - html5lib >=1.1
  - hypothesis >=6.116.0
  - jinja2 >=3.1.5
  - lxml >=5.3.0
  - matplotlib >=3.9.3
  - numba >=0.60.0
  - numexpr >=2.10.2
  - odfpy >=1.4.1
  - openpyxl >=3.1.5
  - psycopg2 >=2.9.10
  - pyarrow >=13.0.0
  - pyiceberg >=0.8.1
  - pymysql >=1.1.1
  - pyqt5 >=5.15.9
  - pyreadstat >=1.2.8
  - pytables >=3.10.1
  - pytest >=8.3.4
  - pytest-xdist >=3.6.1
  - python-calamine >=0.3.0
  - pytz >=2024.2
  - pyxlsb >=1.0.10
  - qtpy >=2.4.2
  - scipy >=1.14.1
  - s3fs >=2024.10.0
  - sqlalchemy >=2.0.36
  - tabulate >=0.9.0
  - xarray >=2024.10.0
  - xlrd >=2.0.1
  - xlsxwriter >=3.2.0
  - zstandard >=0.23.0
  license: BSD-3-Clause
  license_family: BSD
  purls:
  - pkg:pypi/pandas?source=compressed-mapping
  run_exports: {}
  size: 14976520
  timestamp: 1789803399961
- conda: https://conda.anaconda.org/conda-forge/linux-64/python-3.12.13-hd63d673_0_cpython.conda
  sha256: a44655c1c3e1d43ed8704890a91e12afd68130414ea2c0872e154e5633a13d7e
  md5: 7eccb41177e15cc672e1babe9056018e
  depends:
  - __glibc >=2.17,<3.0.a0
  - bzip2 >=1.0.8,<2.0a0
  - ld_impl_linux-64 >=2.36.1
  - libexpat >=2.7.4,<3.0a0
  - libffi >=3.5.2,<3.6.0a0
  - libgcc >=14
  - liblzma >=5.8.2,<6.0a0
  - libnsl >=2.0.1,<2.1.0a0
  - libsqlite >=3.51.2,<4.0a0
  - libuuid >=2.41.3,<3.0a0
  - libxcrypt >=4.4.36
  - libzlib >=1.3.1,<2.0a0
  - ncurses >=6.5,<7.0a0
  - openssl >=3.5.5,<4.0a0
  - readline >=8.3,<9.0a0
  - tk >=8.6.13,<8.7.0a0
  - tzdata
  constrains:
  - python_abi 3.12.* *_cp312
  license: Python-2.0
  purls: []
  size: 31608571
  timestamp: 1772730708989
- conda: https://conda.anaconda.org/conda-forge/linux-64/readline-8.3-h853b02a_0.conda
  sha256: 12ffde5a6f958e285aa22c191ca01bbd3d6e710aa852e00618fa6ddc59149002
  md5: d7d95fc8287ea7bf33e0e7116d2b95ec
  depends:
  - __glibc >=2.17,<3.0.a0
  - libgcc >=14
  - ncurses >=6.5,<7.0a0
  license: GPL-3.0-only
  license_family: GPL
  purls: []
  size: 345073
  timestamp: 1765813471974
- conda: https://conda.anaconda.org/conda-forge/linux-64/ruff-0.16.9-hbcb56a7_0.conda
  noarch: python
  sha256: edf8861e530fae1a98c988fbf5eceed582e10732c1270bd602366e8b94886d54
  md5: 2fe90f4c0f42f118f31833eb5714cd85
  depends:
  - python
  - libgcc >=15
  - __glibc >=2.17,<3.0.a0
  constrains:
  - __glibc >=2.17
  license: MIT
  license_family: MIT
  purls:
  - pkg:pypi/ruff?source=compressed-mapping
  run_exports: {}
  size: 8978873
  timestamp: 1790295137873
- conda: https://conda.anaconda.org/conda-forge/linux-64/tk-8.6.13-noxft_h366c992_103.conda
  sha256: cafeec44494f842ffeca27e9c8b0c27ed714f93ac77ddadc6aaf726b5554ebac
  md5: cffd3bdd58090148f4cfcd831f4b26ab
  depends:
  - __glibc >=2.17,<3.0.a0
  - libgcc >=14
  - libzlib >=1.3.1,<2.0a0
  constrains:
  - xorg-libx11 >=1.8.12,<2.0a0
  license: TCL
  license_family: BSD
  purls: []
  size: 3301196
  timestamp: 1769460227866
- conda: https://conda.anaconda.org/conda-forge/linux-64/zstd-1.5.7-hb78ec9c_6.conda
  sha256: 68f0206ca6e98fea941e5717cec780ed2873ffabc0e1ed34428c061e2c6268c7
  md5: 4a13eeac0b5c8e5b8ab496e6c4ddd829
  depends:
  - __glibc >=2.17,<3.0.a0
  - libzlib >=1.3.1,<2.0a0
  license: BSD-3-Clause
  license_family: BSD
  purls: []
  size: 601375
  timestamp: 1764777111296
- conda: https://conda.anaconda.org/conda-forge/noarch/ca-certificates-2026.5.20-hbd8a1cb_0.conda
  sha256: 9812a303a1395e1dafbd92e5bc8a1ff6013bcbba0a09c7f03a8d23e43560aa9b
  md5: 489b8e97e666c93f68fdb35c3c9b957f
  depends:
  - __unix
  license: ISC
  purls: []
  size: 129868
  timestamp: 1779289852439
- conda: https://conda.anaconda.org/conda-forge/noarch/colorama-0.4.6-pyhd8ed1ab_1.conda
  sha256: ab29d57dc70786c1269633ba3dff20288b81664d3ff8d21af995742e2bb03287
  md5: 962b9857ee8e7018c22f2776ffa0b2d7
  depends:
  - python >=3.9
  license: BSD-3-Clause
  license_family: BSD
  purls:
  - pkg:pypi/colorama?source=hash-mapping
  size: 27011
  timestamp: 1733218222191
- conda: https://conda.anaconda.org/conda-forge/noarch/exceptiongroup-1.3.1-pyhd8ed1ab_0.conda
  sha256: ee6cf346d017d954255bbcbdb424cddea4d14e4ed7e9813e429db1d795d01144
  md5: 8e662bd460bda79b1ea39194e3c4c9ab
  depends:
  - python >=3.10
  - typing_extensions >=4.6.0
  license: MIT and PSF-2.0
  purls:
  - pkg:pypi/exceptiongroup?source=hash-mapping
  size: 21333
  timestamp: 1763918099466
- conda: https://conda.anaconda.org/conda-forge/noarch/iniconfig-2.3.0-pyhd8ed1ab_0.conda
  sha256: e1a9e3b1c8fe62dc3932a616c284b5d8cbe3124bbfbedcf4ce5c828cb166ee19
  md5: 9614359868482abba1bd15ce465e3c42
  depends:
  - python >=3.10
  license: MIT
  license_family: MIT
  purls:
  - pkg:pypi/iniconfig?source=hash-mapping
  size: 13387
  timestamp: 1760831448842
- conda: https://conda.anaconda.org/conda-forge/noarch/packaging-26.2-pyhc364b38_0.conda
  sha256: 3906abfb6511a3bb309e39b9b1b7bc38f50a723971de2395489fd1f379255890
  md5: 4c06a92e74452cfa53623a81592e8934
  depends:
  - python >=3.8
  - python
  license: Apache-2.0
  license_family: APACHE
  purls:
  - pkg:pypi/packaging?source=hash-mapping
  size: 91574
  timestamp: 1777103621679
- conda: https://conda.anaconda.org/conda-forge/noarch/pluggy-1.6.0-pyhf9edf01_1.conda
  sha256: e14aafa63efa0528ca99ba568eaf506eb55a0371d12e6250aaaa61718d2eb62e
  md5: d7585b6550ad04c8c5e21097ada2888e
  depends:
  - python >=3.9
  - python
  license: MIT
  license_family: MIT
  purls:
  - pkg:pypi/pluggy?source=hash-mapping
  size: 25877
  timestamp: 1764896838868
- conda: https://conda.anaconda.org/conda-forge/noarch/pygments-2.20.0-pyhd8ed1ab_0.conda
  sha256: cf70b2f5ad9ae472b71235e5c8a736c9316df3705746de419b59d442e8348e86
  md5: 16c18772b340887160c79a6acc022db0
  depends:
  - python >=3.10
  license: BSD-2-Clause
  license_family: BSD
  purls:
  - pkg:pypi/pygments?source=hash-mapping
  size: 893031
  timestamp: 1774796815820
- conda: https://conda.anaconda.org/conda-forge/noarch/pytest-9.0.3-pyhc364b38_1.conda
  sha256: 960f59442173eee0731906a9077bd5ccf60f4b4226f05a22d1728ab9a21a879c
  md5: 6a991452eadf2771952f39d43615bb3e
  depends:
  - colorama >=0.4
  - pygments >=2.7.2
  - python >=3.10
  - iniconfig >=1.0.1
  - packaging >=22
  - pluggy >=1.5,<2
  - tomli >=1
  - exceptiongroup >=1
  - python
  constrains:
  - pytest-faulthandler >=2
  license: MIT
  license_family: MIT
  purls:
  - pkg:pypi/pytest?source=hash-mapping
  size: 299984
  timestamp: 1775644472530
- conda: https://conda.anaconda.org/conda-forge/noarch/python-dateutil-2.9.0.post0-pyhe01879c_2.conda
  sha256: d6a17ece93bbd5139e02d2bd7dbfa80bee1a4261dced63f65f679121686bf664
  md5: 5b8d21249ff20967101ffa321cab24e8
  depends:
  - python >=3.9
  - six >=1.5
  - python
  license: Apache-2.0
  license_family: APACHE
  purls:
  - pkg:pypi/python-dateutil?source=hash-mapping
  run_exports: {}
  size: 233310
  timestamp: 1751104122689
- conda: https://conda.anaconda.org/conda-forge/noarch/python_abi-3.12-8_cp312.conda
  build_number: 8
  sha256: 80677180dd3c22deb7426ca89d6203f1c7f1f256f2d5a94dc210f6e758229809
  md5: c3efd25ac4d74b1584d2f7a57195ddf1
  constrains:
  - python 3.12.* *_cpython
  license: BSD-3-Clause
  license_family: BSD
  purls: []
  size: 6958
  timestamp: 1752805918820
- conda: https://conda.anaconda.org/conda-forge/noarch/six-1.17.0-pyhe01879c_1.conda
  sha256: 458227f759d5e3fcec5d9b7acce54e10c9e1f4f4b7ec978f3bfd54ce4ee9853d
  md5: 3339e3b65d58accf4ca4fb8748ab16b3
  depends:
  - python >=3.9
  - python
  license: MIT
  license_family: MIT
  purls:
  - pkg:pypi/six?source=hash-mapping
  run_exports: {}
  size: 18455
  timestamp: 1753199211006
- conda: https://conda.anaconda.org/conda-forge/noarch/tomli-2.4.1-pyhcf101f3_0.conda
  sha256: 91cafdb64268e43e0e10d30bd1bef5af392e69f00edd34dfaf909f69ab2da6bd
  md5: b5325cf06a000c5b14970462ff5e4d58
  depends:
  - python >=3.10
  - python
  license: MIT
  license_family: MIT
  purls:
  - pkg:pypi/tomli?source=hash-mapping
  size: 21561
  timestamp: 1774492402955
- conda: https://conda.anaconda.org/conda-forge/noarch/typing_extensions-4.15.0-pyhcf101f3_0.conda
  sha256: 032271135bca55aeb156cee361c81350c6f3fb203f57d024d7e5a1fc9ef18731
  md5: 0caa1af407ecff61170c9437a808404d
  depends:
  - python >=3.10
  - python
  license: PSF-2.0
  license_family: PSF
  purls:
  - pkg:pypi/typing-extensions?source=hash-mapping
  size: 51692
  timestamp: 1756220668932
- conda: https://conda.anaconda.org/conda-forge/noarch/tzdata-2025c-hc9c84f9_1.conda
  sha256: 1d30098909076af33a35017eed6f2953af1c769e273a0626a04722ac4acaba3c
  md5: ad659d0a2b3e47e38d829aa8cad2d610
  license: LicenseRef-Public-Domain
  purls: []
  size: 119135
  timestamp: 1767016325805
- conda: https://conda.anaconda.org/conda-forge/osx-arm64/_openmp_mutex-4.5-8_kmp_llvm.conda
  build_number: 8
  sha256: c7c98ce74f6a7ff25aaa4706d06fa41d63a333add4d697b73aa4d8d2d7ad7651
  md5: a2d706b4a7d603524133037c34f7fb76
  depends:
  - llvm-openmp >=9.0.1
  license: BSD-3-Clause
  license_family: BSD
  purls: []
  run_exports:
    weak:
    - _openmp_mutex >=4.5
  size: 8016
  timestamp: 1788046437162
- conda: https://conda.anaconda.org/conda-forge/osx-arm64/bzip2-1.0.8-hd037594_9.conda
  sha256: 540fe54be35fac0c17feefbdc3e29725cce05d7367ffedfaaa1bdda234b019df
  md5: 620b85a3f45526a8bc4d23fd78fc22f0
  depends:
  - __osx >=11.0
  license: bzip2-1.0.6
  license_family: BSD
  purls: []
  size: 124834
  timestamp: 1771350416561
- conda: https://conda.anaconda.org/conda-forge/osx-arm64/icu-78.3-hef89b57_0.conda
  sha256: 3a7907a17e9937d3a46dfd41cffaf815abad59a569440d1e25177c15fd0684e5
  md5: f1182c91c0de31a7abd40cedf6a5ebef
  depends:
  - __osx >=11.0
  license: MIT
  license_family: MIT
  purls: []
  size: 12361647
  timestamp: 1773822915649
- conda: https://conda.anaconda.org/conda-forge/osx-arm64/libblas-3.11.0-11_h51639a9_openblas.conda
  build_number: 11
  sha256: 718c3e1a16ad946caeeba041520dc18b7af461226bd8c28faef78b181920dbb4
  md5: 364639b771dbb4ede335d965f55a23ac
  depends:
  - libopenblas >=0.3.34,<0.3.35.0a0
  - libopenblas >=0.3.34,<1.0a0
  constrains:
  - blas 2.311   openblas
  - libcblas   3.11.0   11*_openblas
  - liblapack  3.11.0   11*_openblas
  - liblapacke 3.11.0   11*_openblas
  - mkl <2027
  license: BSD-3-Clause
  license_family: BSD
  purls: []
  run_exports:
    weak:
    - libblas >=3.11.0,<4.0a0
  size: 18300
  timestamp: 1789061064192
- conda: https://conda.anaconda.org/conda-forge/osx-arm64/libcblas-3.11.0-11_hb0561ab_openblas.conda
  build_number: 11
  sha256: 3cebd672d8bd7c776a381422ea3fc48131343aeda2879974734715ac6a05c292
  md5: 73bde7d713e790b3168707e02102e87b
  depends:
  - libblas 3.11.0 11_h51639a9_openblas
  constrains:
  - blas 2.311   openblas
  - liblapack  3.11.0   11*_openblas
  - liblapacke 3.11.0   11*_openblas
  license: BSD-3-Clause
  license_family: BSD
  purls: []
  run_exports:
    weak:
    - libcblas >=3.11.0,<4.0a0
  size: 18324
  timestamp: 1789061068736
- conda: https://conda.anaconda.org/conda-forge/osx-arm64/libcxx-22.1.7-h55c6f16_0.conda
  sha256: cceb668dc1b71f054b1036dd83eca2e02c0c3a4b2ba3ad28c74a982d819597a3
  md5: 0325fbe13eb6dd39234eb305ac1b3cb8
  depends:
  - __osx >=11.0
  license: Apache-2.0 WITH LLVM-exception
  license_family: Apache
  purls: []
  size: 568252
  timestamp: 1780441702930
- conda: https://conda.anaconda.org/conda-forge/osx-arm64/libexpat-2.8.1-hf6b4638_0.conda
  sha256: 3133fb6bfa871288b92c8b8752696686a841bf4ffe035aa3038033c9e15b738e
  md5: ef22e9ab1dc7c2f334252f565f90b3b8
  depends:
  - __osx >=11.0
  constrains:
  - expat 2.8.1.*
  license: MIT
  license_family: MIT
  purls: []
  size: 69110
  timestamp: 1779278728511
- conda: https://conda.anaconda.org/conda-forge/osx-arm64/libffi-3.5.2-hcf2aa1b_0.conda
  sha256: 6686a26466a527585e6a75cc2a242bf4a3d97d6d6c86424a441677917f28bec7
  md5: 43c04d9cb46ef176bb2a4c77e324d599
  depends:
  - __osx >=11.0
  license: MIT
  license_family: MIT
  purls: []
  size: 40979
  timestamp: 1769456747661
- conda: https://conda.anaconda.org/conda-forge/osx-arm64/libgcc-16.2.0-h3cf6597_7.conda
  sha256: deacf62bd6cbbe05eb085dd69a2ca120053597c37066d53c8f7cf6815f26e9eb
  md5: f100c8baeb0c816052b0d43948555bf6
  depends:
  - _openmp_mutex
  constrains:
  - libgcc-ng ==16.2.0=*_7
  - libgomp 16.2.0 7
  license: GPL-3.0-only WITH GCC-exception-3.1
  license_family: GPL
  purls: []
  run_exports: {}
  size: 365973
  timestamp: 1790301995634
- conda: https://conda.anaconda.org/conda-forge/osx-arm64/libgfortran-16.2.0-h07b0088_7.conda
  sha256: a5b4b63d0ef4c7c59c37225b9f0307b5cd2a3a8499b2a40b6ddd2b9f072712a8
  md5: 2efa9518e126c501a7c7d638b2fa3a21
  depends:
  - libgfortran5 16.2.0 hdb7a957_7
  constrains:
  - libgfortran-ng ==16.2.0=*_7
  license: GPL-3.0-only WITH GCC-exception-3.1
  license_family: GPL
  purls: []
  run_exports: {}
  size: 99745
  timestamp: 1790302083840
- conda: https://conda.anaconda.org/conda-forge/osx-arm64/libgfortran5-16.2.0-hdb7a957_7.conda
  sha256: 19297e5cf39de976cdd1a46499a4e15fdf54d249d3231f3b2a9d43af3be0bc66
  md5: c9d80dd8775b8fe76e825d63d8ccaf1b
  depends:
  - libgcc >=16.2.0
  constrains:
  - libgfortran 16.2.0
  license: GPL-3.0-only WITH GCC-exception-3.1
  license_family: GPL
  purls: []
  run_exports: {}
  size: 554793
  timestamp: 1790302001166
- conda: https://conda.anaconda.org/conda-forge/osx-arm64/liblapack-3.11.0-11_hd9741b5_openblas.conda
  build_number: 11
  sha256: e7697df761eeb243272801a8c883dc1de6018a7f738746b443ef1396f0a78075
  md5: d67ef1462e77d20cd3e0d27c876c3c9a
  depends:
  - libblas 3.11.0 11_h51639a9_openblas
  constrains:
  - blas 2.311   openblas
  - libcblas   3.11.0   11*_openblas
  - liblapacke 3.11.0   11*_openblas
  license: BSD-3-Clause
  license_family: BSD
  purls: []
  run_exports:
    weak:
    - liblapack >=3.11.0,<3.12.0a0
  size: 18284
  timestamp: 1789061072707
- conda: https://conda.anaconda.org/conda-forge/osx-arm64/liblzma-5.8.3-h8088a28_0.conda
  sha256: 34878d87275c298f1a732c6806349125cebbf340d24c6c23727268184bba051e
  md5: b1fd823b5ae54fbec272cea0811bd8a9
  depends:
  - __osx >=11.0
  constrains:
  - xz 5.8.3.*
  license: 0BSD
  purls: []
  size: 92472
  timestamp: 1775825802659
- conda: https://conda.anaconda.org/conda-forge/osx-arm64/libopenblas-0.3.34-openmp_h5e6e99c_1.conda
  sha256: 18f167fdaa26f67a123c59766f4730b41866d2c0920b5c29d74a93d3a2e92a96
  md5: 9c874eb9d4441a658ef3acf6ac56dc3e
  depends:
  - __osx >=11.0
  - libgcc >=15
  - libgfortran
  - libgfortran5 >=15.3.0
  - llvm-openmp >=21.1.8
  constrains:
  - openblas >=0.3.34,<0.3.35.0a0
  license: BSD-3-Clause
  license_family: BSD
  purls: []
  run_exports:
    weak:
    - libopenblas >=0.3.34,<1.0a0
  size: 4249236
  timestamp: 1789023664380
- conda: https://conda.anaconda.org/conda-forge/osx-arm64/libsqlite-3.53.2-h1ae2325_0.conda
  sha256: 862463917e8ef5ac3ebdaf8f19914634b457609cc27ba678b7197124cefeb1f7
  md5: 1ebde5c677f00765233a17e278571177
  depends:
  - __osx >=11.0
  - icu >=78.3,<79.0a0
  - libzlib >=1.3.2,<2.0a0
  license: blessing
  purls: []
  size: 927724
  timestamp: 1780575223548
- conda: https://conda.anaconda.org/conda-forge/osx-arm64/libzlib-1.3.2-h8088a28_2.conda
  sha256: 361415a698514b19a852f5d1123c5da746d4642139904156ddfca7c922d23a05
  md5: bc5a5721b6439f2f62a84f2548136082
  depends:
  - __osx >=11.0
  constrains:
  - zlib 1.3.2 *_2
  license: Zlib
  license_family: Other
  purls: []
  size: 47759
  timestamp: 1774072956767
- conda: https://conda.anaconda.org/conda-forge/osx-arm64/llvm-openmp-23.1.2-hdb3d66b_0.conda
  sha256: f9aea67117079c00b9663ee0bbca7e5409dbe94625c34e68881ce2c97c3d47c9
  md5: 97fa48b6e1d996689e6d3f822a41f1bf
  depends:
  - __osx >=11.0
  constrains:
  - intel-openmp <0.0a0
  - openmp 23.1.2|23.1.2.*
  license: Apache-2.0 WITH LLVM-exception
  license_family: APACHE
  purls: []
  run_exports:
    strong:
    - llvm-openmp >=23.1.2
  size: 287714
  timestamp: 1790195505384
- conda: https://conda.anaconda.org/conda-forge/osx-arm64/ncurses-6.6-h1d4f5a5_0.conda
  sha256: 4ea6c620b87bd1d42bb2ccc2c87cd2483fa2d7f9e905b14c223f11ff3f4c455d
  md5: 343d10ed5b44030a2f67193905aea159
  depends:
  - __osx >=11.0
  license: X11 AND BSD-3-Clause
  purls: []
  size: 805509
  timestamp: 1777423252320
- conda: https://conda.anaconda.org/conda-forge/osx-arm64/numpy-2.5.3-py312hff34920_0.conda
  sha256: 35088d35c23273076b9e2ba98e002ca5b765f743333a9889598cfd41d07b7eaa
  md5: 6c950b1c9f19db9df914704508f3be20
  depends:
  - python
  - __osx >=11.0
  - libcxx >=21
  - python_abi 3.12.* *_cp312
  - libblas >=3.9.0,<4.0a0
  - libcblas >=3.9.0,<4.0a0
  - liblapack >=3.9.0,<4.0a0
  constrains:
  - numpy-base <0a0
  license: BSD-3-Clause
  license_family: BSD
  purls:
  - pkg:pypi/numpy?source=hash-mapping
  run_exports:
    weak:
    - numpy >=1.25,<3
  size: 7114133
  timestamp: 1788731997804
- conda: https://conda.anaconda.org/conda-forge/osx-arm64/openssl-3.6.2-hd24854e_0.conda
  sha256: c91bf510c130a1ea1b6ff023e28bac0ccaef869446acd805e2016f69ebdc49ea
  md5: 25dcccd4f80f1638428613e0d7c9b4e1
  depends:
  - __osx >=11.0
  - ca-certificates
  license: Apache-2.0
  license_family: Apache
  purls: []
  size: 3106008
  timestamp: 1775587972483
- conda: https://conda.anaconda.org/conda-forge/osx-arm64/pandas-3.0.6-np2py312hd9090a6_0.conda
  sha256: 8b883408378d695f41c8a97116b69454cbd38b6356fa4d9b669a127186ea2b6e
  md5: 4aa838a92c578c7fdcc2921fd17f14c7
  depends:
  - python
  - numpy >=1.26.0
  - python-dateutil >=2.8.2
  - libcxx >=21
  - __osx >=11.0
  - python_abi 3.12.* *_cp312
  - numpy >=1.25,<3
  constrains:
  - adbc-driver-postgresql >=1.2.0
  - adbc-driver-sqlite >=1.2.0
  - beautifulsoup4 >=4.12.3
  - blosc >=1.21.3
  - bottleneck >=1.4.2
  - fastparquet >=2024.11.0
  - fsspec >=2024.10.0
  - gcsfs >=2024.10.0
  - html5lib >=1.1
  - hypothesis >=6.116.0
  - jinja2 >=3.1.5
  - lxml >=5.3.0
  - matplotlib >=3.9.3
  - numba >=0.60.0
  - numexpr >=2.10.2
  - odfpy >=1.4.1
  - openpyxl >=3.1.5
  - psycopg2 >=2.9.10
  - pyarrow >=13.0.0
  - pyiceberg >=0.8.1
  - pymysql >=1.1.1
  - pyqt5 >=5.15.9
  - pyreadstat >=1.2.8
  - pytables >=3.10.1
  - pytest >=8.3.4
  - pytest-xdist >=3.6.1
  - python-calamine >=0.3.0
  - pytz >=2024.2
  - pyxlsb >=1.0.10
  - qtpy >=2.4.2
  - scipy >=1.14.1
  - s3fs >=2024.10.0
  - sqlalchemy >=2.0.36
  - tabulate >=0.9.0
  - xarray >=2024.10.0
  - xlrd >=2.0.1
  - xlsxwriter >=3.2.0
  - zstandard >=0.23.0
  license: BSD-3-Clause
  license_family: BSD
  purls:
  - pkg:pypi/pandas?source=compressed-mapping
  run_exports: {}
  size: 13983864
  timestamp: 1789803426988
- conda: https://conda.anaconda.org/conda-forge/osx-arm64/python-3.12.13-h8561d8f_0_cpython.conda
  sha256: e658e647a4a15981573d6018928dec2c448b10c77c557c29872043ff23c0eb6a
  md5: 8e7608172fa4d1b90de9a745c2fd2b81
  depends:
  - __osx >=11.0
  - bzip2 >=1.0.8,<2.0a0
  - libexpat >=2.7.4,<3.0a0
  - libffi >=3.5.2,<3.6.0a0
  - liblzma >=5.8.2,<6.0a0
  - libsqlite >=3.51.2,<4.0a0
  - libzlib >=1.3.1,<2.0a0
  - ncurses >=6.5,<7.0a0
  - openssl >=3.5.5,<4.0a0
  - readline >=8.3,<9.0a0
  - tk >=8.6.13,<8.7.0a0
  - tzdata
  constrains:
  - python_abi 3.12.* *_cp312
  license: Python-2.0
  purls: []
  size: 12127424
  timestamp: 1772730755512
- conda: https://conda.anaconda.org/conda-forge/osx-arm64/readline-8.3-h46df422_0.conda
  sha256: a77010528efb4b548ac2a4484eaf7e1c3907f2aec86123ed9c5212ae44502477
  md5: f8381319127120ce51e081dce4865cf4
  depends:
  - __osx >=11.0
  - ncurses >=6.5,<7.0a0
  license: GPL-3.0-only
  license_family: GPL
  purls: []
  size: 313930
  timestamp: 1765813902568
- conda: https://conda.anaconda.org/conda-forge/osx-arm64/ruff-0.16.9-ha7a9cbd_0.conda
  noarch: python
  sha256: 3edde2b79a0c79ada9b49b6c322b2308269b64ded57fcc2219a2a6bfe35f2db4
  md5: 682334ea6f7c7faa020b2df1fabd1fad
  depends:
  - python
  - __osx >=11.0
  constrains:
  - __osx >=11.0
  license: MIT
  license_family: MIT
  purls:
  - pkg:pypi/ruff?source=compressed-mapping
  run_exports: {}
  size: 8233906
  timestamp: 1790295197175
- conda: https://conda.anaconda.org/conda-forge/osx-arm64/tk-8.6.13-h010d191_3.conda
  sha256: 799cab4b6cde62f91f750149995d149bc9db525ec12595e8a1d91b9317f038b3
  md5: a9d86bc62f39b94c4661716624eb21b0
  depends:
  - __osx >=11.0
  - libzlib >=1.3.1,<2.0a0
  license: TCL
  license_family: BSD
  purls: []
  size: 3127137
  timestamp: 1769460817696
- pypi: .
  name: bsm-public-rf
  requires_dist:
  - numpy>=1.24
  - pandas>=2.0
  requires_python: '>=3.10,<3.13'
